github.com/gethugothemes/hugo-modules/accordion v0.0.0-20240109021739-061cfb8edb9d h1:vMzS0wQWvGbQCh/6AvNFFKSZR1WN4egwLl9dmpqCv5g=
github.com/gethugothemes/hugo-modules/accordion v0.0.0-20240109021739-061cfb8edb9d/go.mod h1:D4DpauKPDcUHI9CVKYmJeO6bkSJIhUN864TyXZ2o0VI=
github.com/gethugothemes/hugo-modules/adsense v0.0.0-20240109021739-061cfb8edb9d h1:ZwfXUZV/qJRGdA6dFbPckzfgdpuyieGDA+KSOa1GbwI=
github.com/gethugothemes/hugo-modules/adsense v0.0.0-20240109021739-061cfb8edb9d/go.mod h1:8p/gG/cyyu20z4q5cFN/JGE5TOFA55Xsp+aIP9KCsqo=
github.com/gethugothemes/hugo-modules/components/cookie-consent v0.0.0-20240109021739-061cfb8edb9d h1:wisz3g0UG4+mk8dHpR1ErN6RsiUq2AKtFROmO4jpZuA=
github.com/gethugothemes/hugo-modules/components/cookie-consent v0.0.0-20240109021739-061cfb8edb9d/go.mod h1:511ERLpGe3ZTfV2z/NAtUSR5NqKF26h9z5lU/zYV4YQ=
github.com/gethugothemes/hugo-modules/components/custom-script v0.0.0-20240109021739-061cfb8edb9d h1:zI/B32hJRVMazmoeXbUdB9Ngz3CLG4pNn97oG8fw8hg=
github.com/gethugothemes/hugo-modules/components/custom-script v0.0.0-20240109021739-061cfb8edb9d/go.mod h1:RuDHq4WnK8sNEzAIJr4BZQ7oXhzcct/EKaAxc2Xvi9E=
github.com/gethugothemes/hugo-modules/components/preloader v0.0.0-20240109021739-061cfb8edb9d h1:KeyftaODPCvECFVT3d5egC6XyOm+LOZpwn9LnPP2Y7s=
github.com/gethugothemes/hugo-modules/components/preloader v0.0.0-20240109021739-061cfb8edb9d/go.mod h1:FP0iQ3tMOesuWFZhLst2KEvUEYPb5Jk1GW+QBP9lrwg=
github.com/gethugothemes/hugo-modules/components/render-link v0.0.0-20240109021739-061cfb8edb9d h1:+Gbyd6+027RCKruYKVqkgP3dKVuAPJa9Ol29PZ0QG1w=
github.com/gethugothemes/hugo-modules/components/render-link v0.0.0-20240109021739-061cfb8edb9d/go.mod h1:z3YcIeEBUonAoRDY1/Jv1ojNVkZ5ud35a0Nn8L4Inx0=
github.com/gethugothemes/hugo-modules/components/social-share v0.0.0-20240109021739-061cfb8edb9d h1:YAu1cdKWVfde+S9kpcMtBg9rPmmdG6p1kbeRdAgarI8=
github.com/gethugothemes/hugo-modules/components/social-share v0.0.0-20240109021739-061cfb8edb9d/go.mod h1:Gcj4RM/EBECsJMZnPeWjfy/1roRYGqzV9GYNmeHkvFA=
github.com/gethugothemes/hugo-modules/gallery-slider v0.0.0-20240109021739-061cfb8edb9d h1:xE2ep/mRvWeBTiJizFhDx/boOjPSxOhaTlQaB4yuW0k=
github.com/gethugothemes/hugo-modules/gallery-slider v0.0.0-20240109021739-061cfb8edb9d/go.mod h1:MvQ2js/ofZ22CTX5wuvE+dC0rMe6C5HAWL2fEOu/yzE=
github.com/gethugothemes/hugo-modules/gzip-caching v0.0.0-20240109021739-061cfb8edb9d h1:1jvkCjiK3Sgp4aWT2e1u63OfbLVkbt8zKLaEmLU8mOU=
github.com/gethugothemes/hugo-modules/gzip-caching v0.0.0-20240109021739-061cfb8edb9d/go.mod h1:0ZMjTZVG4XLZU2/icc8Saqo4mmgMpfRTrUZU2Aa2Pwg=
github.com/gethugothemes/hugo-modules/icons/font-awesome v0.0.0-20240109021739-061cfb8edb9d h1:UhCFR1+Motczbw0Lch6fBIrcls1gJX7e50PXaqx27C8=
github.com/gethugothemes/hugo-modules/icons/font-awesome v0.0.0-20240109021739-061cfb8edb9d/go.mod h1:d3gy1vQyfasPmGpau7HpQLrXbOv23PfXclSnjyOBxeU=
github.com/gethugothemes/hugo-modules/images v0.0.0-20240109021739-061cfb8edb9d h1:RMWHTgEM75YmjvSerxBmx4a8AH2hAfggykUExAw54XQ=
github.com/gethugothemes/hugo-modules/images v0.0.0-20240109021739-061cfb8edb9d/go.mod h1:FKliP3qOW9diIcQeLtyZ0Hdhg3PL8bdAkC/6O+XtU90=
github.com/gethugothemes/hugo-modules/modal v0.0.0-20240109021739-061cfb8edb9d h1:Tdojyu+D1aRCDmLTNGLKd138c+liXNrVD3WQoTHWCQw=
github.com/gethugothemes/hugo-modules/modal v0.0.0-20240109021739-061cfb8edb9d/go.mod h1:Eb9v7oV6biymfvjcBhQdvgn0gUGYhUtfCMeOBLFpFsk=
github.com/gethugothemes/hugo-modules/pwa v0.0.0-20240109021739-061cfb8edb9d h1:uSSszTj2iqFAQ4/+3P31Z9A4iT712O4ABtzdJZjd1gQ=
github.com/gethugothemes/hugo-modules/pwa v0.0.0-20240109021739-061cfb8edb9d/go.mod h1:TRv7iszdfo37O1PbBEE+S8X/enAdpRIxK5DGrp13Qbo=
github.com/gethugothemes/hugo-modules/search v0.0.0-20240109021739-061cfb8edb9d h1:yhGtXq/sxPYEDhbzKB9j3fPPiaHG8R4mTwSuu6uRh6Q=
github.com/gethugothemes/hugo-modules/search v0.0.0-20240109021739-061cfb8edb9d/go.mod h1:tmDvLaZCM+QDvS/WLZXNjY1QTdWh7/68D2wIToECbyA=
github.com/gethugothemes/hugo-modules/seo-tools/basic-seo v0.0.0-20240109021739-061cfb8edb9d h1:uYfuR+uaZqSgpbD05vaB/AfiQYWhV/ndPzrh+YaxKBM=
github.com/gethugothemes/hugo-modules/seo-tools/basic-seo v0.0.0-20240109021739-061cfb8edb9d/go.mod h1:Q8dPgjamV7pxwKSQyWV21Xwh5CGi23/k+M8HPTphYbs=
github.com/gethugothemes/hugo-modules/seo-tools/google-tag-manager v0.0.0-20240109021739-061cfb8edb9d h1:lU+wM6mHKOtRnKkFanl/y51PKPbRYQAlycnw1qACYYQ=
github.com/gethugothemes/hugo-modules/seo-tools/google-tag-manager v0.0.0-20240109021739-061cfb8edb9d/go.mod h1:cCq50yd55eFTrpqOfeyOK5X0hU5E7qxsqOD7IzTsgLA=
github.com/gethugothemes/hugo-modules/seo-tools/site-verifications v0.0.0-20240109021739-061cfb8edb9d h1:9UlO/mbSGLbtrEqckRKwOAG/0ErBoBNqNJVieQvZhj0=
github.com/gethugothemes/hugo-modules/seo-tools/site-verifications v0.0.0-20240109021739-061cfb8edb9d/go.mod h1:iXielaya126qJscz7Bc2G2WB91moloQOoWru6UoBUyE=
github.com/gethugothemes/hugo-modules/shortcodes/button v0.0.0-20240109021739-061cfb8edb9d h1:8UzNDob19ispcgdbMmU0EdebziKXe6CfxZtuhwSmZ74=
github.com/gethugothemes/hugo-modules/shortcodes/button v0.0.0-20240109021739-061cfb8edb9d/go.mod h1:MSvxGvjvcGUKTs6YMATU/9kYFrzW+VSVdy4CCOQLdsY=
github.com/gethugothemes/hugo-modules/shortcodes/notice v0.0.0-20240109021739-061cfb8edb9d h1:8adlY9042FgaAvLlwXTGxj3MiMsUP+h2y7cw2CcH0BM=
github.com/gethugothemes/hugo-modules/shortcodes/notice v0.0.0-20240109021739-061cfb8edb9d/go.mod h1:ljWyMJx82WA+6SlKjbGFhEdxcriyvUTCjXkJHDa4lho=
github.com/gethugothemes/hugo-modules/tab v0.0.0-20240109021739-061cfb8edb9d h1:TZPVvno4sbhQZFWPsilY8KuFvYS5fXBYucdpO4qOq/o=
github.com/gethugothemes/hugo-modules/tab v0.0.0-20240109021739-061cfb8edb9d/go.mod h1:h3UxlxrFoU19JldxWLPBKaTZFe3AJtABrqo1wfxr+Ng=
github.com/gethugothemes/hugo-modules/table-of-contents v0.0.0-20240109021739-061cfb8edb9d h1:XZ66ewYlq9DaCp+Z9yxT7w3Wp+OQImxM2tIUJss80M0=
github.com/gethugothemes/hugo-modules/table-of-contents v0.0.0-20240109021739-061cfb8edb9d/go.mod h1:bEDw4veccQQQYEdVrfu13ATRUWfW8ptDIjJZuhYh4Tw=
github.com/gethugothemes/hugo-modules/videos v0.0.0-20240109021739-061cfb8edb9d h1:POX/kYKfobFwwAQ7V2l/cTgjuP7DG3WP0NHECcQteOk=
github.com/gethugothemes/hugo-modules/videos v0.0.0-20240109021739-061cfb8edb9d/go.mod h1:P722lLWdnNhdZVq6gvMrOLqECUwrAYQWaOWlChta5H0=
